
Microsoft Visual Studio Solution File, Format Version 12.00
# Visual Studio 15
VisualStudioVersion = 15.0.27130.2010
MinimumVisualStudioVersion = 10.0.40219.1
Project("{FAE04EC0-301F-11D3-BF4B-00C04F79EFBC}") = "Filme", "Filme\Filme.csproj", "{4459D7D6-AF62-4209-AFD9-E6508AB4EC13}"
	ProjectSection(ProjectDependencies) = postProject
		{FE5D996E-017E-4E2E-B8FF-D857BA6F54E2} = {FE5D996E-017E-4E2E-B8FF-D857BA6F54E2}
	EndProjectSection
EndProject
Project("{FAE04EC0-301F-11D3-BF4B-00C04F79EFBC}") = "web_service_test", "..\web_service_test\web_service_test\web_service_test.csproj", "{FE5D996E-017E-4E2E-B8FF-D857BA6F54E2}"
EndProject
Global
	GlobalSection(SolutionConfigurationPlatforms) = preSolution
		Debug|Any CPU = Debug|Any CPU
		Release|Any CPU = Release|Any CPU
	EndGlobalSection
	GlobalSection(ProjectConfigurationPlatforms) = postSolution
		{4459D7D6-AF62-4209-AFD9-E6508AB4EC13}.Debug|Any CPU.ActiveCfg = Debug|Any CPU
		{4459D7D6-AF62-4209-AFD9-E6508AB4EC13}.Debug|Any CPU.Build.0 = Debug|Any CPU
		{4459D7D6-AF62-4209-AFD9-E6508AB4EC13}.Release|Any CPU.ActiveCfg = Release|Any CPU
		{4459D7D6-AF62-4209-AFD9-E6508AB4EC13}.Release|Any CPU.Build.0 = Release|Any CPU
		{FE5D996E-017E-4E2E-B8FF-D857BA6F54E2}.Debug|Any CPU.ActiveCfg = Debug|Any CPU
		{FE5D996E-017E-4E2E-B8FF-D857BA6F54E2}.Debug|Any CPU.Build.0 = Debug|Any CPU
		{FE5D996E-017E-4E2E-B8FF-D857BA6F54E2}.Release|Any CPU.ActiveCfg = Release|Any CPU
		{FE5D996E-017E-4E2E-B8FF-D857BA6F54E2}.Release|Any CPU.Build.0 = Release|Any CPU
	EndGlobalSection
	GlobalSection(SolutionProperties) = preSolution
		HideSolutionNode = FALSE
	EndGlobalSection
	GlobalSection(ExtensibilityGlobals) = postSolution
		SolutionGuid = {3A03FED1-7957-47D8-A42E-A44D604FF9E4}
	EndGlobalSection
EndGlobal
