
Microsoft Visual Studio Solution File, Format Version 12.00
# Visual Studio 15
VisualStudioVersion = 15.0.26730.16
MinimumVisualStudioVersion = 10.0.40219.1
Project("{FAE04EC0-301F-11D3-BF4B-00C04F79EFBC}") = "Persoana", "Persoana\Persoana.csproj", "{522F2FDF-8602-4655-85F0-ED94925169EF}"
EndProject
Global
	GlobalSection(SolutionConfigurationPlatforms) = preSolution
		Debug|Any CPU = Debug|Any CPU
		Release|Any CPU = Release|Any CPU
	EndGlobalSection
	GlobalSection(ProjectConfigurationPlatforms) = postSolution
		{522F2FDF-8602-4655-85F0-ED94925169EF}.Debug|Any CPU.ActiveCfg = Debug|Any CPU
		{522F2FDF-8602-4655-85F0-ED94925169EF}.Debug|Any CPU.Build.0 = Debug|Any CPU
		{522F2FDF-8602-4655-85F0-ED94925169EF}.Release|Any CPU.ActiveCfg = Release|Any CPU
		{522F2FDF-8602-4655-85F0-ED94925169EF}.Release|Any CPU.Build.0 = Release|Any CPU
	EndGlobalSection
	GlobalSection(SolutionProperties) = preSolution
		HideSolutionNode = FALSE
	EndGlobalSection
	GlobalSection(ExtensibilityGlobals) = postSolution
		SolutionGuid = {31F881F3-5267-4E5B-BB60-19B309D2D2CE}
	EndGlobalSection
EndGlobal
