
Microsoft Visual Studio Solution File, Format Version 12.00
# Visual Studio 15
VisualStudioVersion = 15.0.26730.16
MinimumVisualStudioVersion = 10.0.40219.1
Project("{FAE04EC0-301F-11D3-BF4B-00C04F79EFBC}") = "calculTVA", "calculTVA\calculTVA.csproj", "{C0F74396-AD5B-4A3B-90BE-49F2BC1EAC2B}"
EndProject
Global
	GlobalSection(SolutionConfigurationPlatforms) = preSolution
		Debug|Any CPU = Debug|Any CPU
		Release|Any CPU = Release|Any CPU
	EndGlobalSection
	GlobalSection(ProjectConfigurationPlatforms) = postSolution
		{C0F74396-AD5B-4A3B-90BE-49F2BC1EAC2B}.Debug|Any CPU.ActiveCfg = Debug|Any CPU
		{C0F74396-AD5B-4A3B-90BE-49F2BC1EAC2B}.Debug|Any CPU.Build.0 = Debug|Any CPU
		{C0F74396-AD5B-4A3B-90BE-49F2BC1EAC2B}.Release|Any CPU.ActiveCfg = Release|Any CPU
		{C0F74396-AD5B-4A3B-90BE-49F2BC1EAC2B}.Release|Any CPU.Build.0 = Release|Any CPU
	EndGlobalSection
	GlobalSection(SolutionProperties) = preSolution
		HideSolutionNode = FALSE
	EndGlobalSection
	GlobalSection(ExtensibilityGlobals) = postSolution
		SolutionGuid = {B12A2238-BA8A-4CEB-B7DA-36B9C3B5413E}
	EndGlobalSection
EndGlobal
